
Microsoft Visual Studio Solution File, Format Version 12.00
# Visual Studio Version 17
VisualStudioVersion = 17.11.35327.3
MinimumVisualStudioVersion = 10.0.40219.1
Project("{9A19103F-16F7-4668-BE54-9A1E7A4F7556}") = "ScaffoldedApi", "ScaffoldedApi.csproj", "{DA82276F-F695-4BAA-9EEE-AB70B283FB37}"
EndProject
Project("{FAE04EC0-301F-11D3-BF4B-00C04F79EFBC}") = "WebApiExample", "Examples\WebApiExample\WebApiExample.csproj", "{FCA9F558-C3D5-491D-BD30-814B5E5ECD6E}"
EndProject
Global
	GlobalSection(SolutionConfigurationPlatforms) = preSolution
		Debug|Any CPU = Debug|Any CPU
		Release|Any CPU = Release|Any CPU
	EndGlobalSection
	GlobalSection(ProjectConfigurationPlatforms) = postSolution
		{DA82276F-F695-4BAA-9EEE-AB70B283FB37}.Debug|Any CPU.ActiveCfg = Debug|Any CPU
		{DA82276F-F695-4BAA-9EEE-AB70B283FB37}.Debug|Any CPU.Build.0 = Debug|Any CPU
		{DA82276F-F695-4BAA-9EEE-AB70B283FB37}.Release|Any CPU.ActiveCfg = Release|Any CPU
		{DA82276F-F695-4BAA-9EEE-AB70B283FB37}.Release|Any CPU.Build.0 = Release|Any CPU
		{FCA9F558-C3D5-491D-BD30-814B5E5ECD6E}.Debug|Any CPU.ActiveCfg = Debug|Any CPU
		{FCA9F558-C3D5-491D-BD30-814B5E5ECD6E}.Debug|Any CPU.Build.0 = Debug|Any CPU
		{FCA9F558-C3D5-491D-BD30-814B5E5ECD6E}.Release|Any CPU.ActiveCfg = Release|Any CPU
		{FCA9F558-C3D5-491D-BD30-814B5E5ECD6E}.Release|Any CPU.Build.0 = Release|Any CPU
	EndGlobalSection
	GlobalSection(SolutionProperties) = preSolution
		HideSolutionNode = FALSE
	EndGlobalSection
	GlobalSection(ExtensibilityGlobals) = postSolution
		SolutionGuid = {BB4C8FA9-77AE-44F0-9E81-2B19E66F7C88}
	EndGlobalSection
EndGlobal
